
Microsoft Visual Studio Solution File, Format Version 12.00
# Visual Studio 15
VisualStudioVersion = 15.0.26430.13
MinimumVisualStudioVersion = 10.0.40219.1
Project("{FAE04EC0-301F-11D3-BF4B-00C04F79EFBC}") = "LrcMakerTest02", "LrcMakerTest02\LrcMakerTest02.csproj", "{45BDE3BF-E070-44BC-A8A4-EF4762DF4A10}"
EndProject
Project("{FAE04EC0-301F-11D3-BF4B-00C04F79EFBC}") = "MyLrcMaker", "MyLrcMaker\MyLrcMaker.csproj", "{88555102-E086-4BDB-9941-E7A7C3928F02}"
EndProject
Global
	GlobalSection(SolutionConfigurationPlatforms) = preSolution
		Debug|Any CPU = Debug|Any CPU
		Release|Any CPU = Release|Any CPU
	EndGlobalSection
	GlobalSection(ProjectConfigurationPlatforms) = postSolution
		{45BDE3BF-E070-44BC-A8A4-EF4762DF4A10}.Debug|Any CPU.ActiveCfg = Debug|Any CPU
		{45BDE3BF-E070-44BC-A8A4-EF4762DF4A10}.Debug|Any CPU.Build.0 = Debug|Any CPU
		{45BDE3BF-E070-44BC-A8A4-EF4762DF4A10}.Release|Any CPU.ActiveCfg = Release|Any CPU
		{45BDE3BF-E070-44BC-A8A4-EF4762DF4A10}.Release|Any CPU.Build.0 = Release|Any CPU
		{88555102-E086-4BDB-9941-E7A7C3928F02}.Debug|Any CPU.ActiveCfg = Debug|Any CPU
		{88555102-E086-4BDB-9941-E7A7C3928F02}.Debug|Any CPU.Build.0 = Debug|Any CPU
		{88555102-E086-4BDB-9941-E7A7C3928F02}.Release|Any CPU.ActiveCfg = Release|Any CPU
		{88555102-E086-4BDB-9941-E7A7C3928F02}.Release|Any CPU.Build.0 = Release|Any CPU
	EndGlobalSection
	GlobalSection(SolutionProperties) = preSolution
		HideSolutionNode = FALSE
	EndGlobalSection
EndGlobal
